
Microsoft Visual Studio Solution File, Format Version 12.00
# Visual Studio Version 17
VisualStudioVersion = 17.2.32526.322
MinimumVisualStudioVersion = 10.0.40219.1
Project("{9A19103F-16F7-4668-BE54-9A1E7A4F7556}") = "BlazorSignalR", "BlazorSignalR\BlazorSignalR.csproj", "{A09B4D0D-EDC1-44F7-926C-4E7794EBF14F}"
EndProject
Project("{9A19103F-16F7-4668-BE54-9A1E7A4F7556}") = "SignalRTest", "..\SignalRTest\SignalRTest\SignalRTest.csproj", "{5B99FCC5-6AD2-4F03-A497-2576C7CD0C57}"
EndProject
Global
	GlobalSection(SolutionConfigurationPlatforms) = preSolution
		Debug|Any CPU = Debug|Any CPU
		Release|Any CPU = Release|Any CPU
	EndGlobalSection
	GlobalSection(ProjectConfigurationPlatforms) = postSolution
		{A09B4D0D-EDC1-44F7-926C-4E7794EBF14F}.Debug|Any CPU.ActiveCfg = Debug|Any CPU
		{A09B4D0D-EDC1-44F7-926C-4E7794EBF14F}.Debug|Any CPU.Build.0 = Debug|Any CPU
		{A09B4D0D-EDC1-44F7-926C-4E7794EBF14F}.Release|Any CPU.ActiveCfg = Release|Any CPU
		{A09B4D0D-EDC1-44F7-926C-4E7794EBF14F}.Release|Any CPU.Build.0 = Release|Any CPU
		{5B99FCC5-6AD2-4F03-A497-2576C7CD0C57}.Debug|Any CPU.ActiveCfg = Debug|Any CPU
		{5B99FCC5-6AD2-4F03-A497-2576C7CD0C57}.Debug|Any CPU.Build.0 = Debug|Any CPU
		{5B99FCC5-6AD2-4F03-A497-2576C7CD0C57}.Release|Any CPU.ActiveCfg = Release|Any CPU
		{5B99FCC5-6AD2-4F03-A497-2576C7CD0C57}.Release|Any CPU.Build.0 = Release|Any CPU
	EndGlobalSection
	GlobalSection(SolutionProperties) = preSolution
		HideSolutionNode = FALSE
	EndGlobalSection
	GlobalSection(ExtensibilityGlobals) = postSolution
		SolutionGuid = {3710D840-795E-4BBB-BCB8-920950DC903B}
	EndGlobalSection
EndGlobal
